{
    "_readme": [
        "This file locks the dependencies of your project to a known state",
        "Read more about it at https://getcomposer.org/doc/01-basic-usage.md#installing-dependencies",
        "This file is @generated automatically"
    ],
    "content-hash": "db57bbad9ce77284b95c91a33d78eee3",
    "packages": [
        {
            "name": "ocdladefense/lib-http",
            "version": "dev-main",
            "source": {
                "type": "git",
                "url": "https://github.com/ocdladefense/lib-http.git",
                "reference": "ad87c0a4724dbc6215a7ed85ab9dd10b877e3cda"
            },
            "dist": {
                "type": "zip",
                "url": "https://api.github.com/repos/ocdladefense/lib-http/zipball/ad87c0a4724dbc6215a7ed85ab9dd10b877e3cda",
                "reference": "ad87c0a4724dbc6215a7ed85ab9dd10b877e3cda",
                "shasum": ""
            },
            "default-branch": true,
            "type": "library",
            "autoload": {
                "classmap": [
                    "src/"
                ],
                "files": [
                    "src/HttpConstants.php"
                ]
            },
            "notification-url": "https://packagist.org/downloads/",
            "license": [
                "MIT"
            ],
            "authors": [
                {
                    "name": "Jose Bernal",
                    "email": "jbernal.web.dev@gmail.com"
                }
            ],
            "description": "PHP wrapper classes for curl functions.",
            "support": {
                "issues": "https://github.com/ocdladefense/lib-http/issues",
                "source": "https://github.com/ocdladefense/lib-http/tree/main"
            },
            "time": "2021-05-12T21:35:11+00:00"
        },
        {
            "name": "ocdladefense/lib-oauth-config",
            "version": "dev-development",
            "source": {
                "type": "git",
                "url": "https://github.com/ocdladefense/lib-oauth-config.git",
                "reference": "a1f27670cbfaaff33cbdf2762c8f474d20260689"
            },
            "dist": {
                "type": "zip",
                "url": "https://api.github.com/repos/ocdladefense/lib-oauth-config/zipball/a1f27670cbfaaff33cbdf2762c8f474d20260689",
                "reference": "a1f27670cbfaaff33cbdf2762c8f474d20260689",
                "shasum": ""
            },
            "type": "library",
            "autoload": {
                "classmap": [
                    "src/"
                ]
            },
            "notification-url": "https://packagist.org/downloads/",
            "description": "Classes to enable parsing of oauth schemas.",
            "support": {
                "issues": "https://github.com/ocdladefense/lib-oauth-config/issues",
                "source": "https://github.com/ocdladefense/lib-oauth-config/tree/development"
            },
            "time": "2021-05-19T00:07:31+00:00"
        },
        {
            "name": "ocdladefense/lib-salesforce-rest-api",
            "version": "dev-main",
            "source": {
                "type": "git",
                "url": "https://github.com/ocdladefense/lib-salesforce-rest-api.git",
                "reference": "759b0fc08a968412b9d50a9bf12ba338a5d83c54"
            },
            "dist": {
                "type": "zip",
                "url": "https://api.github.com/repos/ocdladefense/lib-salesforce-rest-api/zipball/759b0fc08a968412b9d50a9bf12ba338a5d83c54",
                "reference": "759b0fc08a968412b9d50a9bf12ba338a5d83c54",
                "shasum": ""
            },
            "require": {
                "ocdladefense/lib-http": "dev-main"
            },
            "default-branch": true,
            "type": "library",
            "autoload": {
                "classmap": [
                    "src/",
                    "models/"
                ]
            },
            "notification-url": "https://packagist.org/downloads/",
            "description": "OCDLA plugin accesses.",
            "support": {
                "issues": "https://github.com/ocdladefense/lib-salesforce-rest-api/issues",
                "source": "https://github.com/ocdladefense/lib-salesforce-rest-api/tree/main"
            },
            "time": "2021-05-11T18:21:23+00:00"
        }
    ],
    "packages-dev": [],
    "aliases": [],
    "minimum-stability": "dev",
    "stability-flags": {
        "ocdladefense/lib-oauth-config": 20,
        "ocdladefense/lib-salesforce-rest-api": 20
    },
    "prefer-stable": true,
    "prefer-lowest": false,
    "platform": [],
    "platform-dev": [],
    "plugin-api-version": "2.0.0"
}
